{
  "lockfileVersion": 1,
  "configVersion": 1,
  "workspaces": {
    "": {
      "name": "atomic-serve-frontend",
      "dependencies": {
        "@ark-ui/react": "^5.37.2",
        "@logosdx/fetch": "^9.1.0",
        "@logosdx/observer": "^2.5.3",
        "@logosdx/react": "^6.0.0",
        "@logosdx/utils": "^7.1.0",
        "react": "^19.2.0",
        "react-dom": "^19.2.0",
        "react-router": "^7.11.0",
      },
      "devDependencies": {
        "@happy-dom/global-registrator": "20.10.6",
        "@testing-library/jest-dom": "6.9.1",
        "@testing-library/react": "16.3.2",
        "@testing-library/user-event": "14.6.1",
        "@types/bun": "1.3.14",
        "@types/react": "^19.2.0",
        "@types/react-dom": "^19.2.0",
        "typescript": "^5.9.3",
      },
    },
  },
  "packages": {
    "@adobe/css-tools": ["@adobe/css-tools@4.5.0", "", {}, "sha512-6OzddxPio9UiWTCemp4N8cYLV2ZN1ncRnV1cVGtve7dhPOtRkleRyx32GQCYSwDYgaHU3USMm84tNsvKzRCa1Q=="],

    "@ark-ui/react": ["@ark-ui/react@5.37.2", "", { "dependencies": { "@internationalized/date": "3.12.2", "@zag-js/accordion": "1.41.2", "@zag-js/anatomy": "1.41.2", "@zag-js/angle-slider": "1.41.2", "@zag-js/async-list": "1.41.2", "@zag-js/auto-resize": "1.41.2", "@zag-js/avatar": "1.41.2", "@zag-js/carousel": "1.41.2", "@zag-js/cascade-select": "1.41.2", "@zag-js/checkbox": "1.41.2", "@zag-js/clipboard": "1.41.2", "@zag-js/collapsible": "1.41.2", "@zag-js/collection": "1.41.2", "@zag-js/color-picker": "1.41.2", "@zag-js/color-utils": "1.41.2", "@zag-js/combobox": "1.41.2", "@zag-js/core": "1.41.2", "@zag-js/date-input": "1.41.2", "@zag-js/date-picker": "1.41.2", "@zag-js/date-utils": "1.41.2", "@zag-js/dialog": "1.41.2", "@zag-js/dom-query": "1.41.2", "@zag-js/drawer": "1.41.2", "@zag-js/editable": "1.41.2", "@zag-js/file-upload": "1.41.2", "@zag-js/file-utils": "1.41.2", "@zag-js/floating-panel": "1.41.2", "@zag-js/focus-trap": "1.41.2", "@zag-js/focus-visible": "1.41.2", "@zag-js/highlight-word": "1.41.2", "@zag-js/hover-card": "1.41.2", "@zag-js/i18n-utils": "1.41.2", "@zag-js/image-cropper": "1.41.2", "@zag-js/json-tree-utils": "1.41.2", "@zag-js/listbox": "1.41.2", "@zag-js/marquee": "1.41.2", "@zag-js/menu": "1.41.2", "@zag-js/navigation-menu": "1.41.2", "@zag-js/number-input": "1.41.2", "@zag-js/pagination": "1.41.2", "@zag-js/password-input": "1.41.2", "@zag-js/pin-input": "1.41.2", "@zag-js/popover": "1.41.2", "@zag-js/presence": "1.41.2", "@zag-js/progress": "1.41.2", "@zag-js/qr-code": "1.41.2", "@zag-js/radio-group": "1.41.2", "@zag-js/rating-group": "1.41.2", "@zag-js/react": "1.41.2", "@zag-js/scroll-area": "1.41.2", "@zag-js/select": "1.41.2", "@zag-js/signature-pad": "1.41.2", "@zag-js/slider": "1.41.2", "@zag-js/splitter": "1.41.2", "@zag-js/steps": "1.41.2", "@zag-js/switch": "1.41.2", "@zag-js/tabs": "1.41.2", "@zag-js/tags-input": "1.41.2", "@zag-js/timer": "1.41.2", "@zag-js/toast": "1.41.2", "@zag-js/toggle": "1.41.2", "@zag-js/toggle-group": "1.41.2", "@zag-js/tooltip": "1.41.2", "@zag-js/tour": "1.41.2", "@zag-js/tree-view": "1.41.2", "@zag-js/types": "1.41.2", "@zag-js/utils": "1.41.2" }, "peerDependencies": { "react": ">=18.0.0", "react-dom": ">=18.0.0" } }, "sha512-Q0R2Ah50kUhup0Ljxg65zGJq5yBV52BLm1coRkjHHid40d1yclaDGfhPL48kcF/xtjAFlGLkL6SiENkGvfh+mw=="],

    "@babel/code-frame": ["@babel/code-frame@7.29.7", "", { "dependencies": { "@babel/helper-validator-identifier": "^7.29.7", "js-tokens": "^4.0.0", "picocolors": "^1.1.1" } }, "sha512-Aup7aUOfpbAUg2ROOJN6Iw5f9DMBlzu0mIkm/malLQFN/YQgO48wCj0Kxa3sEHJvPVFg7siR+qRInwXd2qhQKw=="],

    "@babel/helper-validator-identifier": ["@babel/helper-validator-identifier@7.29.7", "", {}, "sha512-qehxGkRj55h/ff8EMaJ+cYhyaKlHIxqYDn682wQD7RNp9UujOQsHog2uS0r2vzr4pW+sXf90NeeayjcNaX3fFg=="],

    "@babel/runtime": ["@babel/runtime@7.29.7", "", {}, "sha512-Nq8OhGWiZIZGV6hLHoyAKLLcJihP/xFeBMGJoUrxTX2psI8dCifzLhZISFb+VWS3wFMRDmCGw5R+dOySCqPLhw=="],

    "@floating-ui/core": ["@floating-ui/core@1.8.0", "", { "dependencies": { "@floating-ui/utils": "^0.2.12" } }, "sha512-0CIZ5itps/8x7BG8dEIhs53BvCUH2PCoogtakwRTut+Arm58sJooJ0AuZhLw2HJYIR5cMLNPBSS728sPho2khQ=="],

    "@floating-ui/dom": ["@floating-ui/dom@1.8.0", "", { "dependencies": { "@floating-ui/core": "^1.8.0", "@floating-ui/utils": "^0.2.12" } }, "sha512-yXSrzeHZBTZadLOlfyhCkJHNeLJnHRnRInwdZ40L7ZiaAtrBwoYlsDrX3v5zB1Utk7CLfzcOVnVVWoXEky7Ceg=="],

    "@floating-ui/utils": ["@floating-ui/utils@0.2.12", "", {}, "sha512-HpCo8tmWzLVad5s2d19EhAz5zqrrQ6s69qd6moPMQvkOuSwDT1YgRfWSVuc4ennqrgv3OHppiOGMQ7oC13yIww=="],

    "@happy-dom/global-registrator": ["@happy-dom/global-registrator@20.10.6", "", { "dependencies": { "@types/node": ">=20.0.0", "happy-dom": "^20.10.6" } }, "sha512-Nu/IjRkkNxmeG2ywWsyJSO4d1BrWTqVzxCPL+gXj0b97klhmjd6wLzt6Bx/laNpkZ3WLW7zNCqmtMIbIlahqug=="],

    "@internationalized/date": ["@internationalized/date@3.12.2", "", { "dependencies": { "@swc/helpers": "^0.5.0" } }, "sha512-FY1Y+H64NDs+HAF6omlnWxm3mEpfgaCSWtL5l551ZZfImA+kGjPFgrnJrGjH6lfmLL0g8Z/mBu1R3kufeCp6Jw=="],

    "@internationalized/number": ["@internationalized/number@3.6.6", "", { "dependencies": { "@swc/helpers": "^0.5.0" } }, "sha512-iFgmQaXHE0vytNfpLZWOC2mEJCBRzcUxt53Xf/yCXG93lRvqas237i3r7X4RKMwO3txiyZD4mQjKAByFv6UGSQ=="],

    "@logosdx/fetch": ["@logosdx/fetch@9.1.0", "", { "dependencies": { "@logosdx/hooks": "^1.0.3", "@logosdx/observer": "^2.5.3", "@logosdx/utils": "^7.1.0" } }, "sha512-IxDLmlcoLlC3jPRCcFCuQzPYNfFvPMcVUyAgU4VLX0g8WnzhyBfmrVwWNQbJixo/sc7N1E80/1RmkLh3YIdtng=="],

    "@logosdx/hooks": ["@logosdx/hooks@1.0.3", "", { "dependencies": { "@logosdx/utils": "^7.1.0" } }, "sha512-aiUVjPCR6D16HHLb0K/JPePbVqyUXJGDAchv33vJImxoZjRkGmT4rWT17sxu40ApWvEj+m0xKCTrtsJ0XBMZiQ=="],

    "@logosdx/localize": ["@logosdx/localize@2.0.4", "", { "dependencies": { "@logosdx/observer": "^2.5.3", "@logosdx/utils": "^7.1.0" } }, "sha512-yTCWuOq+UorNn+oJmBjCqLccNLG0HQz7g6FZ4ivOkcKtIZSe83wi8Wn2y6QQ/jWQ5OL1NuMjWmX/Mly7eOroPQ=="],

    "@logosdx/observer": ["@logosdx/observer@2.5.3", "", { "dependencies": { "@logosdx/utils": "^7.1.0" } }, "sha512-CrfW0pa4uQamsDHz+jGR1QWnn/wJBJHCKCm07wz23qkM7HZIKXrolhbQfA3j2IMkB74hcygTpVYfV1b4+3H8Zw=="],

    "@logosdx/react": ["@logosdx/react@6.0.0", "", { "dependencies": { "@logosdx/utils": "^7.1.0" }, "peerDependencies": { "@logosdx/fetch": "^9.1.0", "@logosdx/localize": "^2.0.4", "@logosdx/observer": "^2.5.3", "@logosdx/state-machine": "^2.0.4", "@logosdx/storage": "^2.0.4", "react": "^18.0.0 || ^19.0.0" } }, "sha512-ZZTtstbodpy4niJIqf3G4qYQM5yFL2IaSPi1BNF+BhyJHXb+7fKbXnOfIOT5kJy24u9YJBU0wKgMlrNFEsh0/Q=="],

    "@logosdx/state-machine": ["@logosdx/state-machine@2.0.4", "", { "dependencies": { "@logosdx/observer": "^2.5.3", "@logosdx/utils": "^7.1.0" } }, "sha512-kLASeldX0/Lj+oem1oKo8DZ36FNWqk234sToL1zFyfAmFWl3NTWLU9OBAHnVJA6sIeHCXA6Dm+4yjlWrK7dNXw=="],

    "@logosdx/storage": ["@logosdx/storage@2.0.4", "", { "dependencies": { "@logosdx/observer": "^2.5.3", "@logosdx/utils": "^7.1.0" } }, "sha512-A2Mzuz5DqVLn8tU5zncRVMwBCb5u1OS+AmtuiCkEYNNuKAm3p+rgRKSLXORJxnIANyIGKbB4VCRWtFU2Vd35yA=="],

    "@logosdx/utils": ["@logosdx/utils@7.1.0", "", {}, "sha512-OGcuy/8/4XtY9dTw7tXSGcpa9voguAvrlrurD2gfLgZDTSIztGFDZzfs/XNi/d73Znqsf/9u+YR/998BFNHCjQ=="],

    "@swc/helpers": ["@swc/helpers@0.5.23", "", { "dependencies": { "tslib": "^2.8.0" } }, "sha512-5lSsMOTXURePglDfvuAQUqkGek9Hg2kksOYay2m0+XR++b2NWYL/4sWyuvVBIs8oKnJaxkdi9whaL/sqN13afw=="],

    "@testing-library/dom": ["@testing-library/dom@10.4.1", "", { "dependencies": { "@babel/code-frame": "^7.10.4", "@babel/runtime": "^7.12.5", "@types/aria-query": "^5.0.1", "aria-query": "5.3.0", "dom-accessibility-api": "^0.5.9", "lz-string": "^1.5.0", "picocolors": "1.1.1", "pretty-format": "^27.0.2" } }, "sha512-o4PXJQidqJl82ckFaXUeoAW+XysPLauYI43Abki5hABd853iMhitooc6znOnczgbTYmEP6U6/y1ZyKAIsvMKGg=="],

    "@testing-library/jest-dom": ["@testing-library/jest-dom@6.9.1", "", { "dependencies": { "@adobe/css-tools": "^4.4.0", "aria-query": "^5.0.0", "css.escape": "^1.5.1", "dom-accessibility-api": "^0.6.3", "picocolors": "^1.1.1", "redent": "^3.0.0" } }, "sha512-zIcONa+hVtVSSep9UT3jZ5rizo2BsxgyDYU7WFD5eICBE7no3881HGeb/QkGfsJs6JTkY1aQhT7rIPC7e+0nnA=="],

    "@testing-library/react": ["@testing-library/react@16.3.2", "", { "dependencies": { "@babel/runtime": "^7.12.5" }, "peerDependencies": { "@testing-library/dom": "^10.0.0", "@types/react": "^18.0.0 || ^19.0.0", "@types/react-dom": "^18.0.0 || ^19.0.0", "react": "^18.0.0 || ^19.0.0", "react-dom": "^18.0.0 || ^19.0.0" }, "optionalPeers": ["@types/react", "@types/react-dom"] }, "sha512-XU5/SytQM+ykqMnAnvB2umaJNIOsLF3PVv//1Ew4CTcpz0/BRyy/af40qqrt7SjKpDdT1saBMc42CUok5gaw+g=="],

    "@testing-library/user-event": ["@testing-library/user-event@14.6.1", "", { "peerDependencies": { "@testing-library/dom": ">=7.21.4" } }, "sha512-vq7fv0rnt+QTXgPxr5Hjc210p6YKq2kmdziLgnsZGgLJ9e6VAShx1pACLuRjd/AS/sr7phAR58OIIpf0LlmQNw=="],

    "@types/aria-query": ["@types/aria-query@5.0.4", "", {}, "sha512-rfT93uj5s0PRL7EzccGMs3brplhcrghnDoV26NqKhCAS1hVo+WdNsPvE/yb6ilfr5hi2MEk6d5EWJTKdxg8jVw=="],

    "@types/bun": ["@types/bun@1.3.14", "", { "dependencies": { "bun-types": "1.3.14" } }, "sha512-h1hFqFVcvAvD9j9K7ZW7vd82aSA+rTdznZa+5bwvCwqSB1jmmfLcbIWhOLx1/+boy/xmjgCs/OMUL8hRJSmnPw=="],

    "@types/node": ["@types/node@26.1.1", "", { "dependencies": { "undici-types": "~8.3.0" } }, "sha512-nxAkRSVkN1Y0JC1W8ky/fTfkGsMmcrRsbx+3XoZE+rMOX71kLYTV7fLXpqud1GpbpP5TuffXFqfX7fH2GgZREw=="],

    "@types/react": ["@types/react@19.2.17", "", { "dependencies": { "csstype": "^3.2.2" } }, "sha512-MXfmqaVPEVgkBT/aY0aGCkRWWtByiYQXo3xdQ8r5RzuFrPiRn8Gar2tQdXSUQ2GKV3bkXckek89V8wQBY2Q/Aw=="],

    "@types/react-dom": ["@types/react-dom@19.2.3", "", { "peerDependencies": { "@types/react": "^19.2.0" } }, "sha512-jp2L/eY6fn+KgVVQAOqYItbF0VY/YApe5Mz2F0aykSO8gx31bYCZyvSeYxCHKvzHG5eZjc+zyaS5BrBWya2+kQ=="],

    "@types/whatwg-mimetype": ["@types/whatwg-mimetype@3.0.2", "", {}, "sha512-c2AKvDT8ToxLIOUlN51gTiHXflsfIFisS4pO7pDPoKouJCESkhZnEy623gwP9laCy5lnLDAw1vAzu2vM2YLOrA=="],

    "@types/ws": ["@types/ws@8.18.1", "", { "dependencies": { "@types/node": "*" } }, "sha512-ThVF6DCVhA8kUGy+aazFQ4kXQ7E1Ty7A3ypFOe0IcJV8O/M511G99AW24irKrW56Wt44yG9+ij8FaqoBGkuBXg=="],

    "@zag-js/accordion": ["@zag-js/accordion@1.41.2", "", { "dependencies": { "@zag-js/anatomy": "1.41.2", "@zag-js/core": "1.41.2", "@zag-js/dom-query": "1.41.2", "@zag-js/types": "1.41.2", "@zag-js/utils": "1.41.2" } }, "sha512-7G//V7svGGT8k5avw7bbQvbRC0Q/9QtX51b4iyAB1alR9E5mFd6Ch8q4njwcXClMQ7xePS3jUfVnzVGiRInEiQ=="],

    "@zag-js/anatomy": ["@zag-js/anatomy@1.41.2", "", {}, "sha512-Fm9hqdrvaCzCsdcf19G8WZxYtHElKltkGHdhqMEt4XU+ULTr1DK7KbOtDDv9J27CuzqSLALUz5QfRjPftoKHwg=="],

    "@zag-js/angle-slider": ["@zag-js/angle-slider@1.41.2", "", { "dependencies": { "@zag-js/anatomy": "1.41.2", "@zag-js/core": "1.41.2", "@zag-js/dom-query": "1.41.2", "@zag-js/rect-utils": "1.41.2", "@zag-js/types": "1.41.2", "@zag-js/utils": "1.41.2" } }, "sha512-+7bZHAZx0MEbjTMr2tD+meFJ0EJwFfUEcTqmdLzFGr/ySAMCWlcadDBz+ZmrSn03aKLps8FxliVLzsFJNgUqIQ=="],

    "@zag-js/aria-hidden": ["@zag-js/aria-hidden@1.41.2", "", { "dependencies": { "@zag-js/dom-query": "1.41.2" } }, "sha512-qEcYmwlQr3qjA0T/IZ5a/o7fRUxfQ14tXjAFhR3GXCtxBKaqS+wnq/LN09Xw4bin3QWTINU+Z0oXFs9spWtNwA=="],

    "@zag-js/async-list": ["@zag-js/async-list@1.41.2", "", { "dependencies": { "@zag-js/core": "1.41.2", "@zag-js/utils": "1.41.2" } }, "sha512-NZZEIGFdeDp2uHjsLVegLAGJOYGwI9HPJI1V2c/P1TQmfmrfWyWELAvnnW4kWYVUKYD9TxKQkm6LvqpHrQzgfQ=="],

    "@zag-js/auto-resize": ["@zag-js/auto-resize@1.41.2", "", { "dependencies": { "@zag-js/dom-query": "1.41.2" } }, "sha512-CYq+JQ1TTkEiK7OcNcMTS0f4wFvtmManvUltije5o50gDQ7vFYA81oQh4A9pAB1keUi9Zv06CNefFARaTcne5w=="],

    "@zag-js/avatar": ["@zag-js/avatar@1.41.2", "", { "dependencies": { "@zag-js/anatomy": "1.41.2", "@zag-js/core": "1.41.2", "@zag-js/dom-query": "1.41.2", "@zag-js/types": "1.41.2", "@zag-js/utils": "1.41.2" } }, "sha512-+4K0tRtIQysMGuERh5JRmn46uq7gJ6IjJd5DKj74VBtVVY8T6HGk0D0DZxmOIgADHP1qSvowLDoOX8kUyBHarQ=="],

    "@zag-js/carousel": ["@zag-js/carousel@1.41.2", "", { "dependencies": { "@zag-js/anatomy": "1.41.2", "@zag-js/core": "1.41.2", "@zag-js/dom-query": "1.41.2", "@zag-js/scroll-snap": "1.41.2", "@zag-js/types": "1.41.2", "@zag-js/utils": "1.41.2" } }, "sha512-H6sDxyWIzkvtHN4M/BYvFy7pi8j+kLEtfPZvgNl2+gRnfAHVK9/XqpoUsjw1DAo5Fh25pPuaTnh52Kml9OK0iA=="],

    "@zag-js/cascade-select": ["@zag-js/cascade-select@1.41.2", "", { "dependencies": { "@zag-js/anatomy": "1.41.2", "@zag-js/collection": "1.41.2", "@zag-js/core": "1.41.2", "@zag-js/dismissable": "1.41.2", "@zag-js/dom-query": "1.41.2", "@zag-js/focus-visible": "1.41.2", "@zag-js/popper": "1.41.2", "@zag-js/rect-utils": "1.41.2", "@zag-js/types": "1.41.2", "@zag-js/utils": "1.41.2" } }, "sha512-dBByZmIAJU/B+YIAzczng05lCJXEwEm4df6GmUZtioKHZdeN+WEKUP4qzFDFZdytXympGfJCIBvtgf87gACYVQ=="],

    "@zag-js/checkbox": ["@zag-js/checkbox@1.41.2", "", { "dependencies": { "@zag-js/anatomy": "1.41.2", "@zag-js/core": "1.41.2", "@zag-js/dom-query": "1.41.2", "@zag-js/focus-visible": "1.41.2", "@zag-js/types": "1.41.2", "@zag-js/utils": "1.41.2" } }, "sha512-aQ5dZWHUHRIw4cbLtzrR+dc8M0N6wSiiCml/zbU3ciHOTBXSrs2rKnp/L99xhi97Lj2uCEhpIZ704Ou/MjGuCg=="],

    "@zag-js/clipboard": ["@zag-js/clipboard@1.41.2", "", { "dependencies": { "@zag-js/anatomy": "1.41.2", "@zag-js/core": "1.41.2", "@zag-js/dom-query": "1.41.2", "@zag-js/types": "1.41.2", "@zag-js/utils": "1.41.2" } }, "sha512-FM+PNGEeY+YpF1dVr9d8kg3DQM66LRnkR4Mva1oprqnrCXTYWj+k7uig893ubSG2xw1GO5b/WJd27kSmNoKnmw=="],

    "@zag-js/collapsible": ["@zag-js/collapsible@1.41.2", "", { "dependencies": { "@zag-js/anatomy": "1.41.2", "@zag-js/core": "1.41.2", "@zag-js/dom-query": "1.41.2", "@zag-js/types": "1.41.2", "@zag-js/utils": "1.41.2" } }, "sha512-uMIp4rqd3iI6VFPMAOcbu9dh9WV4l85nNPYQiBtMKRHgbkfaZdfzF+E+NX3KquIeHW6JiBFUiIyCU0Sf2Cscdw=="],

    "@zag-js/collection": ["@zag-js/collection@1.41.2", "", { "dependencies": { "@zag-js/utils": "1.41.2" } }, "sha512-ZZWuvfPZI8ccWd4aLpuU47k1jSc9eO+F3FM3iBJuvgegCH6g3+HDEwGN6wdePHnYfv7zyIKCGKr816zXcIWQbw=="],

    "@zag-js/color-picker": ["@zag-js/color-picker@1.41.2", "", { "dependencies": { "@zag-js/anatomy": "1.41.2", "@zag-js/color-utils": "1.41.2", "@zag-js/core": "1.41.2", "@zag-js/dismissable": "1.41.2", "@zag-js/dom-query": "1.41.2", "@zag-js/popper": "1.41.2", "@zag-js/types": "1.41.2", "@zag-js/utils": "1.41.2" } }, "sha512-UynyJ/bTBeSlq6ziHr9GVrFycDjVxfLFIb8Aivu/XvihrAAvkhXUxwy+1ax+hj7peGlTY590xoQAvQixV+McBA=="],

    "@zag-js/color-utils": ["@zag-js/color-utils@1.41.2", "", { "dependencies": { "@zag-js/utils": "1.41.2" } }, "sha512-Lsi5c2ztGZqud0oeDtAn3xFhgrYMaeaz1zi4p+mr0zXOuQNuZzfsrJ0stQ45s8L/xT8UJtGhYyEVy1+xjE4ARA=="],

    "@zag-js/combobox": ["@zag-js/combobox@1.41.2", "", { "dependencies": { "@zag-js/anatomy": "1.41.2", "@zag-js/collection": "1.41.2", "@zag-js/core": "1.41.2", "@zag-js/dismissable": "1.41.2", "@zag-js/dom-query": "1.41.2", "@zag-js/focus-visible": "1.41.2", "@zag-js/live-region": "1.41.2", "@zag-js/popper": "1.41.2", "@zag-js/types": "1.41.2", "@zag-js/utils": "1.41.2" } }, "sha512-V9jQteyQHs8ZNQx/FcA98P1NVZas/yjiW1V7s4L+h8MnRS3AK97+FAHAT83KCiZ34/vkpLF6ZEHI2zkcQpNXcg=="],

    "@zag-js/core": ["@zag-js/core@1.41.2", "", { "dependencies": { "@zag-js/dom-query": "1.41.2", "@zag-js/utils": "1.41.2" } }, "sha512-xXTN3zKwOtMI4+5dG2cG+T1B4WR3X9alXiYaPJKaGd4N2eYRj9JEPte3Hv9gtFm+RM0b9VIwksHEg25rqE4apw=="],

    "@zag-js/date-input": ["@zag-js/date-input@1.41.2", "", { "dependencies": { "@zag-js/anatomy": "1.41.2", "@zag-js/core": "1.41.2", "@zag-js/date-utils": "1.41.2", "@zag-js/dom-query": "1.41.2", "@zag-js/live-region": "1.41.2", "@zag-js/types": "1.41.2", "@zag-js/utils": "1.41.2" }, "peerDependencies": { "@internationalized/date": ">=3.0.0" } }, "sha512-J8PdpEpM9TBxZBEE8/Nxi39LNJOZY7lilTbgcDABR5uiviZUk5++5GSdUTspcjFUIXx5SvqmdCk2RF7hsUEHVQ=="],

    "@zag-js/date-picker": ["@zag-js/date-picker@1.41.2", "", { "dependencies": { "@zag-js/anatomy": "1.41.2", "@zag-js/core": "1.41.2", "@zag-js/date-utils": "1.41.2", "@zag-js/dismissable": "1.41.2", "@zag-js/dom-query": "1.41.2", "@zag-js/live-region": "1.41.2", "@zag-js/popper": "1.41.2", "@zag-js/types": "1.41.2", "@zag-js/utils": "1.41.2" }, "peerDependencies": { "@internationalized/date": ">=3.0.0" } }, "sha512-j9LaznCV4QCfrq/y/mNAN9XgIRFFg+414TxGT4TK8mfWouIaFvxEoKdGP0l/LL4DFv1NRDaRdSBBcw3eXtMVnA=="],

    "@zag-js/date-utils": ["@zag-js/date-utils@1.41.2", "", { "peerDependencies": { "@internationalized/date": ">=3.0.0" } }, "sha512-jdcWLa5fYLTsvGWJkx4v/9Hzqf6UHdvJDeP6NxHpwoEmzYy7+AghYKBNSnRrJIBCQJgl1vM9OkpMvYrLNHr9jw=="],

    "@zag-js/dialog": ["@zag-js/dialog@1.41.2", "", { "dependencies": { "@zag-js/anatomy": "1.41.2", "@zag-js/aria-hidden": "1.41.2", "@zag-js/core": "1.41.2", "@zag-js/dismissable": "1.41.2", "@zag-js/dom-query": "1.41.2", "@zag-js/focus-trap": "1.41.2", "@zag-js/remove-scroll": "1.41.2", "@zag-js/types": "1.41.2", "@zag-js/utils": "1.41.2" } }, "sha512-t1N72snpFGiKj7cg2PivPdsy+X1YdgXPv7bzovpqjMLy0kN+gYTPoV1Iy/hQA+g021dz9XGgXzkDuU45sJqsFA=="],

    "@zag-js/dismissable": ["@zag-js/dismissable@1.41.2", "", { "dependencies": { "@zag-js/dom-query": "1.41.2", "@zag-js/interact-outside": "1.41.2", "@zag-js/utils": "1.41.2" } }, "sha512-hO/tFhRZ7S+LOOljGOQJIubbc3MXg41+iWR1yUXKl76cAenbxaCit1LZmUCwQPvRN0GndK6bDQo5ETjHZz/k7A=="],

    "@zag-js/dom-query": ["@zag-js/dom-query@1.41.2", "", { "dependencies": { "@zag-js/types": "1.41.2" } }, "sha512-+eBk1nlJA312mNmY/GSThLRwcCRqMIL+A1pLsWvTlQLQjmH1/UxoAuv6l2yvRCT33XmC8FBlBIKnXhOCpDvIZA=="],

    "@zag-js/drawer": ["@zag-js/drawer@1.41.2", "", { "dependencies": { "@zag-js/anatomy": "1.41.2", "@zag-js/aria-hidden": "1.41.2", "@zag-js/core": "1.41.2", "@zag-js/dismissable": "1.41.2", "@zag-js/dom-query": "1.41.2", "@zag-js/focus-trap": "1.41.2", "@zag-js/remove-scroll": "1.41.2", "@zag-js/types": "1.41.2", "@zag-js/utils": "1.41.2" } }, "sha512-aJql6L0cfHd1wXbemfLcNnjqTA/CbwVgQdWEVn5Qci6zhy4UJXPQeBBfxfgPgEOAbW60gL/gaaXG3d9Vx6+6oA=="],

    "@zag-js/editable": ["@zag-js/editable@1.41.2", "", { "dependencies": { "@zag-js/anatomy": "1.41.2", "@zag-js/core": "1.41.2", "@zag-js/dom-query": "1.41.2", "@zag-js/interact-outside": "1.41.2", "@zag-js/types": "1.41.2", "@zag-js/utils": "1.41.2" } }, "sha512-loTM1lrHBBqYfR8SJZrYayVdWHMpXCLVir+aDTQ8/d4bb/Gfl/L8CJNs3BRj3yt9zvLoWTLO+4LOY3hLyQSR2w=="],

    "@zag-js/file-upload": ["@zag-js/file-upload@1.41.2", "", { "dependencies": { "@zag-js/anatomy": "1.41.2", "@zag-js/core": "1.41.2", "@zag-js/dom-query": "1.41.2", "@zag-js/file-utils": "1.41.2", "@zag-js/i18n-utils": "1.41.2", "@zag-js/types": "1.41.2", "@zag-js/utils": "1.41.2" } }, "sha512-WFwIaKvHpCUjyYMvp42VoydT1WIP5DhDlpmG/nrF4i0ro7pLGb1A4dvyBrAfGcozCB88yR1y1iZKPDY1I9/uUw=="],

    "@zag-js/file-utils": ["@zag-js/file-utils@1.41.2", "", { "dependencies": { "@zag-js/i18n-utils": "1.41.2" } }, "sha512-Ih+8ULbId0M+CFR4IsqG5y/0VLCk2l+1rgPH+21L40dlSB6z6qKSP2tG7W69Cj2/3vryZsn67ibn26iCPG/vOw=="],

    "@zag-js/floating-panel": ["@zag-js/floating-panel@1.41.2", "", { "dependencies": { "@zag-js/anatomy": "1.41.2", "@zag-js/core": "1.41.2", "@zag-js/dom-query": "1.41.2", "@zag-js/popper": "1.41.2", "@zag-js/rect-utils": "1.41.2", "@zag-js/store": "1.41.2", "@zag-js/types": "1.41.2", "@zag-js/utils": "1.41.2" } }, "sha512-nJP3oZ4YrJh+7H5YdwNccSzPGXFqjQN1ujZ/xGDhegjz4XtL48QMFnAasxlRI8VGjse9Tj8VXlQZxXPrASGzlA=="],

    "@zag-js/focus-trap": ["@zag-js/focus-trap@1.41.2", "", { "dependencies": { "@zag-js/dom-query": "1.41.2" } }, "sha512-3QTtGUjFU2OLbyrDlyoYWvKZecCmtn/+bsfsHW159jJHiEGHVYK6CY8AI1ePsMk9gVay48bXh008j+lVli7gAw=="],

    "@zag-js/focus-visible": ["@zag-js/focus-visible@1.41.2", "", { "dependencies": { "@zag-js/dom-query": "1.41.2" } }, "sha512-oRjwtgafUdGVwLJUN6mKsnBQbez/CHYAPkPg1FxOnr5GFpEpr8oMTOZJ3wdPM2U1ynS9QnUUu/sXc3KQv/jX0Q=="],

    "@zag-js/highlight-word": ["@zag-js/highlight-word@1.41.2", "", {}, "sha512-95zcZKqNrL7JlqAckfzHa+LRbnfoz1lj6skUhq/uHSnni1vH6+8fNWT8ruo9G7vpGopbyRmmcie5p41SbAwQjQ=="],

    "@zag-js/hover-card": ["@zag-js/hover-card@1.41.2", "", { "dependencies": { "@zag-js/anatomy": "1.41.2", "@zag-js/core": "1.41.2", "@zag-js/dismissable": "1.41.2", "@zag-js/dom-query": "1.41.2", "@zag-js/popper": "1.41.2", "@zag-js/types": "1.41.2", "@zag-js/utils": "1.41.2" } }, "sha512-Xn9RVzgTkKaVzyJTDdBJiXmCleNi1/hmW8z73tC0vOiQvSSvPejg/JkzqTOLFODvQHK3NOw54QHZvmjYp9Mubw=="],

    "@zag-js/i18n-utils": ["@zag-js/i18n-utils@1.41.2", "", { "dependencies": { "@zag-js/dom-query": "1.41.2" } }, "sha512-f1xqaEY79awBxgUyjFso0UEpIoEHZq+zRvB0nUVFHJRW7Ds/QhaFHKSRnf2QBTlP/ObvCT225R+piNAAc17Aaw=="],

    "@zag-js/image-cropper": ["@zag-js/image-cropper@1.41.2", "", { "dependencies": { "@zag-js/anatomy": "1.41.2", "@zag-js/core": "1.41.2", "@zag-js/dom-query": "1.41.2", "@zag-js/types": "1.41.2", "@zag-js/utils": "1.41.2" } }, "sha512-750aT4U+J/TJw/Z1QVoLU9JG0luCtf9CyvShtJFIxeS+i25aUoBI9pOKgSFABsOutIqNJTPq4gYpqtuxFjSxRw=="],

    "@zag-js/interact-outside": ["@zag-js/interact-outside@1.41.2", "", { "dependencies": { "@zag-js/dom-query": "1.41.2", "@zag-js/utils": "1.41.2" } }, "sha512-dM4Fn9iyqQeqkCMRYZP+bAgWEPKRVQRqMmcPsN0OXBhhFKC31Em15LTIZXaOtVKAjH+iwx+UvSYFRiWwEjkOEA=="],

    "@zag-js/json-tree-utils": ["@zag-js/json-tree-utils@1.41.2", "", {}, "sha512-gNaOzsbCwmTd2HM3/u0xQdWX5UDBfl8tCXFavzbamkFH0iYQOXJb7cqUXBVuI4KScIbHPCKwrzZjqA5Sg9qzAQ=="],

    "@zag-js/listbox": ["@zag-js/listbox@1.41.2", "", { "dependencies": { "@zag-js/anatomy": "1.41.2", "@zag-js/collection": "1.41.2", "@zag-js/core": "1.41.2", "@zag-js/dom-query": "1.41.2", "@zag-js/focus-visible": "1.41.2", "@zag-js/types": "1.41.2", "@zag-js/utils": "1.41.2" } }, "sha512-iDGrZleP3ui2Q6Jgmr9RYlbd7njdJHs8Qb3IJrSIZBIeYyYmFvVUfAFjk0g/z/amjTx6uYxRASWSPy/RETd4ug=="],

    "@zag-js/live-region": ["@zag-js/live-region@1.41.2", "", {}, "sha512-7ubIW5AQt1wx9S/gFN+rU4TyvuFWJrL/DhnDWPNlH5g3luDVHSNeYGeeqf4d4tkcibtpYZa0pg9CbXxRxrfwVA=="],

    "@zag-js/marquee": ["@zag-js/marquee@1.41.2", "", { "dependencies": { "@zag-js/anatomy": "1.41.2", "@zag-js/core": "1.41.2", "@zag-js/dom-query": "1.41.2", "@zag-js/types": "1.41.2", "@zag-js/utils": "1.41.2" } }, "sha512-cT77aMhrtAK3oe2O6+X3TLtQs8wupdPUtZgHMWVxCcQOwagrk7RUBEQwU3Cx7cTswpBdTKSuDYgUggfgCs96wg=="],

    "@zag-js/menu": ["@zag-js/menu@1.41.2", "", { "dependencies": { "@zag-js/anatomy": "1.41.2", "@zag-js/core": "1.41.2", "@zag-js/dismissable": "1.41.2", "@zag-js/dom-query": "1.41.2", "@zag-js/focus-visible": "1.41.2", "@zag-js/popper": "1.41.2", "@zag-js/rect-utils": "1.41.2", "@zag-js/types": "1.41.2", "@zag-js/utils": "1.41.2" } }, "sha512-wwix8hcAUSi0scpWXCiDppfdZV01Za8nN0gqLt9GdhCiVSlr0rs9pK1ROgPKJTyc43UZfyFPqtTWVHvEHMM70w=="],

    "@zag-js/navigation-menu": ["@zag-js/navigation-menu@1.41.2", "", { "dependencies": { "@zag-js/anatomy": "1.41.2", "@zag-js/core": "1.41.2", "@zag-js/dismissable": "1.41.2", "@zag-js/dom-query": "1.41.2", "@zag-js/types": "1.41.2", "@zag-js/utils": "1.41.2" } }, "sha512-aROB9CHzskZpnoFuGFkp7dbkZdsXvp2nxQgsgld02I1sDqiwcQd+YMdB0/6Ik0oz6X8I70RKdUuQM9WQFQfDnA=="],

    "@zag-js/number-input": ["@zag-js/number-input@1.41.2", "", { "dependencies": { "@internationalized/number": "3.6.6", "@zag-js/anatomy": "1.41.2", "@zag-js/core": "1.41.2", "@zag-js/dom-query": "1.41.2", "@zag-js/types": "1.41.2", "@zag-js/utils": "1.41.2" } }, "sha512-QoQWCiVHO+ciUbq8uL8Kxhtk4o3UpwzYpJkfsOfitzsZoYpPc7V/A6+n5yABV2SOwpqBODwNASZdxiEa60kfow=="],

    "@zag-js/pagination": ["@zag-js/pagination@1.41.2", "", { "dependencies": { "@zag-js/anatomy": "1.41.2", "@zag-js/core": "1.41.2", "@zag-js/dom-query": "1.41.2", "@zag-js/types": "1.41.2", "@zag-js/utils": "1.41.2" } }, "sha512-vZTxz4DrIDfedMcTjDeEkOc1iXD9wkP8eKuEcDieHOodnjSnNNwtmoFw5DCWv+yEa/TByIamXBZ8ZxHY144JgA=="],

    "@zag-js/password-input": ["@zag-js/password-input@1.41.2", "", { "dependencies": { "@zag-js/anatomy": "1.41.2", "@zag-js/core": "1.41.2", "@zag-js/dom-query": "1.41.2", "@zag-js/types": "1.41.2", "@zag-js/utils": "1.41.2" } }, "sha512-OWKFl0S12Qnlf4R4WbMCJ/YU0kGfezm5tP0UiyubMO/Fixv6H0twDFaJSPg2F6POv5uomCcGubc1H7gO+fIhsQ=="],

    "@zag-js/pin-input": ["@zag-js/pin-input@1.41.2", "", { "dependencies": { "@zag-js/anatomy": "1.41.2", "@zag-js/core": "1.41.2", "@zag-js/dom-query": "1.41.2", "@zag-js/types": "1.41.2", "@zag-js/utils": "1.41.2" } }, "sha512-Wrn3YDbmWL3qvUIzN4QyLO7PzEhunX7z8DwBpmrK04p7HxR9pniTLVIPk27xk2MzyAPYcl4mwd9/Mc88tBxHsg=="],

    "@zag-js/popover": ["@zag-js/popover@1.41.2", "", { "dependencies": { "@zag-js/anatomy": "1.41.2", "@zag-js/aria-hidden": "1.41.2", "@zag-js/core": "1.41.2", "@zag-js/dismissable": "1.41.2", "@zag-js/dom-query": "1.41.2", "@zag-js/focus-trap": "1.41.2", "@zag-js/popper": "1.41.2", "@zag-js/remove-scroll": "1.41.2", "@zag-js/types": "1.41.2", "@zag-js/utils": "1.41.2" } }, "sha512-h/LlVMIERM+NWzYV0ZHURlJuaqkT8XxwyEV96XfVzjknDRFNoPSl5IttVYtoaPoUqC0p/Y4oTSiee4mUZKOLHw=="],

    "@zag-js/popper": ["@zag-js/popper@1.41.2", "", { "dependencies": { "@floating-ui/dom": "^1.7.6", "@zag-js/dom-query": "1.41.2", "@zag-js/utils": "1.41.2" } }, "sha512-Iz4D5YAIiIPn4IHGjhX3QatR/RyGaDt43lBSZv0RYcPQYtFg9sUuek3wizjW9qXgdvItevvNMqRdpl7f3es09g=="],

    "@zag-js/presence": ["@zag-js/presence@1.41.2", "", { "dependencies": { "@zag-js/core": "1.41.2", "@zag-js/dom-query": "1.41.2", "@zag-js/types": "1.41.2" } }, "sha512-OhOLPAf/DYPmgoEntrlrf3LOrkwA+Y0J3K03NXHXPnkRB7h8jyIbHqzHS0jRTb1pvsO2P/yowRyoYtptY2Zmog=="],

    "@zag-js/progress": ["@zag-js/progress@1.41.2", "", { "dependencies": { "@zag-js/anatomy": "1.41.2", "@zag-js/core": "1.41.2", "@zag-js/dom-query": "1.41.2", "@zag-js/types": "1.41.2", "@zag-js/utils": "1.41.2" } }, "sha512-SnzrqN+Z568NoO4rrgjrIc/S4EXMEne5CDgWwt2kQ8yq9VysdH8TtHAjyciFRIio7cdgEZNHKw9jSccpMWgRwA=="],

    "@zag-js/qr-code": ["@zag-js/qr-code@1.41.2", "", { "dependencies": { "@zag-js/anatomy": "1.41.2", "@zag-js/core": "1.41.2", "@zag-js/dom-query": "1.41.2", "@zag-js/types": "1.41.2", "@zag-js/utils": "1.41.2", "proxy-memoize": "3.0.1", "uqr": "0.1.3" } }, "sha512-+JLswCNnzf58aQTaX0SMUA9wRC8Hb/a/ZveJIXTz6853Siemay2HqOqB2WQIeF33HNldUFD/a4+4Q8ugg93ubA=="],

    "@zag-js/radio-group": ["@zag-js/radio-group@1.41.2", "", { "dependencies": { "@zag-js/anatomy": "1.41.2", "@zag-js/core": "1.41.2", "@zag-js/dom-query": "1.41.2", "@zag-js/focus-visible": "1.41.2", "@zag-js/types": "1.41.2", "@zag-js/utils": "1.41.2" } }, "sha512-EZjos61jKHZlNw8ez80vG2T9gUwpooxcVpYOKS2hyhuEXn3wEoefS5v1WFbmpoA/8TUpUQnYxisAeNuQfEQCuQ=="],

    "@zag-js/rating-group": ["@zag-js/rating-group@1.41.2", "", { "dependencies": { "@zag-js/anatomy": "1.41.2", "@zag-js/core": "1.41.2", "@zag-js/dom-query": "1.41.2", "@zag-js/types": "1.41.2", "@zag-js/utils": "1.41.2" } }, "sha512-SbJP4HiK5XRy/oC3xRowjZOCThq1n/QA2Z/XAkvKLJArVQCYjrH3MoWwWvMVNfNC5+ZJluborR2AGF7tlVLzxA=="],

    "@zag-js/react": ["@zag-js/react@1.41.2", "", { "dependencies": { "@zag-js/core": "1.41.2", "@zag-js/store": "1.41.2", "@zag-js/types": "1.41.2", "@zag-js/utils": "1.41.2" }, "peerDependencies": { "react": ">=18.0.0", "react-dom": ">=18.0.0" } }, "sha512-5Bx7mQAron4LFWI8Hhs/uw5kwQ19s2Tn30HhctozLqmCu4nnJSTSh7GRvX+uwRZnztGXBXoOrgBWIepU4RXFGg=="],

    "@zag-js/rect-utils": ["@zag-js/rect-utils@1.41.2", "", {}, "sha512-GWBTamaMLMG1p7Fe6V0dsXeTEmk+tqG3ciovzmjxURCJ3Yq2EkAMRhS0v5DG0oo+PyrPEIzEWukGBQkh/XRgYQ=="],

    "@zag-js/remove-scroll": ["@zag-js/remove-scroll@1.41.2", "", { "dependencies": { "@zag-js/dom-query": "1.41.2" } }, "sha512-ieIrOgPKlCikAGEBIboQJoU7oxrL5BEY670tDOu7Eg7rNOdAwGXLEKPX2A/q+lREhOiVYjx0D3//vHTvdte80Q=="],

    "@zag-js/scroll-area": ["@zag-js/scroll-area@1.41.2", "", { "dependencies": { "@zag-js/anatomy": "1.41.2", "@zag-js/core": "1.41.2", "@zag-js/dom-query": "1.41.2", "@zag-js/types": "1.41.2", "@zag-js/utils": "1.41.2" } }, "sha512-hJFAwfIFuS7XmNsS3nB5rPm9OWXfB4d98sID7fjurcaZtDH5LqFriqfXhceNvs7rz7K4f/u8rufXrb6tcvATIA=="],

    "@zag-js/scroll-snap": ["@zag-js/scroll-snap@1.41.2", "", { "dependencies": { "@zag-js/dom-query": "1.41.2" } }, "sha512-+70Al6LSASyEZtFyyffUJlDbE88KgYJDud05z8oZTqyEOLlTqnlSNkXq/P3siO7r3sNykg9H+TmAKn+/dVSKuw=="],

    "@zag-js/select": ["@zag-js/select@1.41.2", "", { "dependencies": { "@zag-js/anatomy": "1.41.2", "@zag-js/collection": "1.41.2", "@zag-js/core": "1.41.2", "@zag-js/dismissable": "1.41.2", "@zag-js/dom-query": "1.41.2", "@zag-js/focus-visible": "1.41.2", "@zag-js/popper": "1.41.2", "@zag-js/types": "1.41.2", "@zag-js/utils": "1.41.2" } }, "sha512-3wGaKABILexoNBJ1bJiHqLLTctR/VMZaNA4cyKiqZeBEWtAkdMhgyY2xKobrP6KtUTqAeUFNVSTu4yCDrAQnUw=="],

    "@zag-js/signature-pad": ["@zag-js/signature-pad@1.41.2", "", { "dependencies": { "@zag-js/anatomy": "1.41.2", "@zag-js/core": "1.41.2", "@zag-js/dom-query": "1.41.2", "@zag-js/types": "1.41.2", "@zag-js/utils": "1.41.2", "perfect-freehand": "^1.2.3" } }, "sha512-iNrOxY4gtqhsZdXYvlhF7s+LiOvwV7/kBpNnq8tJ1oYhgTs8wvKtJHrP86/CR05irEXQTaLfmeAJZuBEys9iRA=="],

    "@zag-js/slider": ["@zag-js/slider@1.41.2", "", { "dependencies": { "@zag-js/anatomy": "1.41.2", "@zag-js/core": "1.41.2", "@zag-js/dom-query": "1.41.2", "@zag-js/types": "1.41.2", "@zag-js/utils": "1.41.2" } }, "sha512-mKK2BwoDbIGxAdkdKkPZJA1SHtEQt3lS9hJ6WghefYU2vyd0BXoIKvcDV3xJOzly5LXYhH5cJITn6JtGK8353A=="],

    "@zag-js/splitter": ["@zag-js/splitter@1.41.2", "", { "dependencies": { "@zag-js/anatomy": "1.41.2", "@zag-js/core": "1.41.2", "@zag-js/dom-query": "1.41.2", "@zag-js/types": "1.41.2", "@zag-js/utils": "1.41.2" } }, "sha512-Ubp4hkmzvVysU31jCINYbBXVqruu7rEPGqugWMzeXC5Hwda648aHpbg4Jix/wRtaGLjsyh6KOVEwAmoJU9NwhQ=="],

    "@zag-js/steps": ["@zag-js/steps@1.41.2", "", { "dependencies": { "@zag-js/anatomy": "1.41.2", "@zag-js/core": "1.41.2", "@zag-js/dom-query": "1.41.2", "@zag-js/types": "1.41.2", "@zag-js/utils": "1.41.2" } }, "sha512-m0t2r8+FWwa2b2aU5JiNrHVdYHyNZYHK0G3Tq9lCOSQoDeoJIkyta+sIVehLVSY+0Ba9kOlkRUmYLbsnfXaW+Q=="],

    "@zag-js/store": ["@zag-js/store@1.41.2", "", { "dependencies": { "proxy-compare": "3.0.1" } }, "sha512-dVZF7E1ezXzynrKhMH3rfSr2rBbCfvTjvXbXz7//1PNULuq58UU5dG93V+9l834npCZxI2+PrpY45wZLJPTsIA=="],

    "@zag-js/switch": ["@zag-js/switch@1.41.2", "", { "dependencies": { "@zag-js/anatomy": "1.41.2", "@zag-js/core": "1.41.2", "@zag-js/dom-query": "1.41.2", "@zag-js/focus-visible": "1.41.2", "@zag-js/types": "1.41.2", "@zag-js/utils": "1.41.2" } }, "sha512-qHbQK95UUHN0tj+bf9LLphLcMo/uTg2Pvs0c1Gs03Zh4g3NtHf0uYIhMZKYlCH0hNVlKrmdzLKWgeoDxv9gySw=="],

    "@zag-js/tabs": ["@zag-js/tabs@1.41.2", "", { "dependencies": { "@zag-js/anatomy": "1.41.2", "@zag-js/core": "1.41.2", "@zag-js/dom-query": "1.41.2", "@zag-js/types": "1.41.2", "@zag-js/utils": "1.41.2" } }, "sha512-7YVj2mCcxRbn1wMXP9anaTOVf+J0fa5uaPScr8e4+e2xc+/1WKzqN6V8IDeKS5wV/xzi1r3Ny307sX7Xz4ZJVQ=="],

    "@zag-js/tags-input": ["@zag-js/tags-input@1.41.2", "", { "dependencies": { "@zag-js/anatomy": "1.41.2", "@zag-js/auto-resize": "1.41.2", "@zag-js/core": "1.41.2", "@zag-js/dom-query": "1.41.2", "@zag-js/interact-outside": "1.41.2", "@zag-js/live-region": "1.41.2", "@zag-js/types": "1.41.2", "@zag-js/utils": "1.41.2" } }, "sha512-aIPEndSO+9LHxyoXLUr0Uttxw2cYMyDuii5w50wn/N7lFJD49U3Sj+6XaB/oJSbDAwn10WrsRDtb7Gs2kmU+Qw=="],

    "@zag-js/timer": ["@zag-js/timer@1.41.2", "", { "dependencies": { "@zag-js/anatomy": "1.41.2", "@zag-js/core": "1.41.2", "@zag-js/dom-query": "1.41.2", "@zag-js/types": "1.41.2", "@zag-js/utils": "1.41.2" } }, "sha512-PRYLWaip0+1FeVGEMNk5wMGAAIYgBIWwulZ4U5I+2Ayjohzp2NUAfwJ3sqoYvRrfjNYUNAPdU4eGu1zetC+oVQ=="],

    "@zag-js/toast": ["@zag-js/toast@1.41.2", "", { "dependencies": { "@zag-js/anatomy": "1.41.2", "@zag-js/core": "1.41.2", "@zag-js/dismissable": "1.41.2", "@zag-js/dom-query": "1.41.2", "@zag-js/types": "1.41.2", "@zag-js/utils": "1.41.2" } }, "sha512-+F3PsAo6EIz4rh73IOMCb/+FOUp7e3VjUY2q5sdU4IbfOzJBIbVSJxn0PQmHkuxkzWdCom0Lv0qSPFg/UTplnQ=="],

    "@zag-js/toggle": ["@zag-js/toggle@1.41.2", "", { "dependencies": { "@zag-js/anatomy": "1.41.2", "@zag-js/core": "1.41.2", "@zag-js/dom-query": "1.41.2", "@zag-js/types": "1.41.2", "@zag-js/utils": "1.41.2" } }, "sha512-EFB9pb3pEtwXt7RSivVLWXV64dKUF8gsn75tt8TbYBgfy+zW85MsRLu8U48TXZN5teQWAKKNujr9bxQsW/CWvQ=="],

    "@zag-js/toggle-group": ["@zag-js/toggle-group@1.41.2", "", { "dependencies": { "@zag-js/anatomy": "1.41.2", "@zag-js/core": "1.41.2", "@zag-js/dom-query": "1.41.2", "@zag-js/types": "1.41.2", "@zag-js/utils": "1.41.2" } }, "sha512-C6wn3A89h24hTs0BN9ryEuKatfR493u7QqxS06TeK9oI/KZBvm5Rwm8FPHSUJvsUTkAkow4PsXC0Ra19duzEdQ=="],

    "@zag-js/tooltip": ["@zag-js/tooltip@1.41.2", "", { "dependencies": { "@zag-js/anatomy": "1.41.2", "@zag-js/core": "1.41.2", "@zag-js/dom-query": "1.41.2", "@zag-js/focus-visible": "1.41.2", "@zag-js/popper": "1.41.2", "@zag-js/types": "1.41.2", "@zag-js/utils": "1.41.2" } }, "sha512-68okWJCFXfW8r0h97kEcU2yKPkq6e0S6QkiYh09ifMXoYjrQw/shPol8PgrS1poqKJigUWtsKm+bw73abhMn3w=="],

    "@zag-js/tour": ["@zag-js/tour@1.41.2", "", { "dependencies": { "@zag-js/anatomy": "1.41.2", "@zag-js/core": "1.41.2", "@zag-js/dismissable": "1.41.2", "@zag-js/dom-query": "1.41.2", "@zag-js/focus-trap": "1.41.2", "@zag-js/interact-outside": "1.41.2", "@zag-js/popper": "1.41.2", "@zag-js/types": "1.41.2", "@zag-js/utils": "1.41.2" } }, "sha512-Q7UsvuHYYBo1Cs4b4OS0e/D8lxd2GpSRII93s5BQPi5HTcBjaWhVysAykmCFbat6Z56z0NBmFHNdhZ8oVPls1A=="],

    "@zag-js/tree-view": ["@zag-js/tree-view@1.41.2", "", { "dependencies": { "@zag-js/anatomy": "1.41.2", "@zag-js/collection": "1.41.2", "@zag-js/core": "1.41.2", "@zag-js/dom-query": "1.41.2", "@zag-js/types": "1.41.2", "@zag-js/utils": "1.41.2" } }, "sha512-QNi0VpV+RyzF4NP72+kSleUpauF9SMAzOAe59nxvs8jAUHqV5diDCInnbQos4+cyFDXFzGq3lElot26A1yI+7Q=="],

    "@zag-js/types": ["@zag-js/types@1.41.2", "", { "dependencies": { "csstype": "3.2.3" } }, "sha512-L6CNvK06lIVpy0X8eG3kbDIx8Uuv+3KHElxXYSzRXSJ7/OLCv1sTRgEvnxNtdIWOrksGgxF4JtT7PXtoClGqNQ=="],

    "@zag-js/utils": ["@zag-js/utils@1.41.2", "", {}, "sha512-Yj8FSrR7vGA6ahUhjrThfHAF+PM2Y1Yv2lkXkqZZd60mPBhixcot1+SHOfEMV63JimQcWrmQ8QbeYYMmF+ZpLQ=="],

    "ansi-regex": ["ansi-regex@5.0.1", "", {}, "sha512-quJQXlTSUGL2LH9SUXo8VwsY4soanhgo6LNSm84E1LBcE8s3O0wpdiRzyR9z/ZZJMlMWv37qOOb9pdJlMUEKFQ=="],

    "ansi-styles": ["ansi-styles@5.2.0", "", {}, "sha512-Cxwpt2SfTzTtXcfOlzGEee8O+c+MmUgGrNiBcXnuWxuFJHe6a5Hz7qwhwe5OgaSYI0IJvkLqWX1ASG+cJOkEiA=="],

    "aria-query": ["aria-query@5.3.2", "", {}, "sha512-COROpnaoap1E2F000S62r6A60uHZnmlvomhfyT2DlTcrY1OrBKn2UhH7qn5wTC9zMvD0AY7csdPSNwKP+7WiQw=="],

    "buffer-image-size": ["buffer-image-size@0.6.4", "", { "dependencies": { "@types/node": "*" } }, "sha512-nEh+kZOPY1w+gcCMobZ6ETUp9WfibndnosbpwB1iJk/8Gt5ZF2bhS6+B6bPYz424KtwsR6Rflc3tCz1/ghX2dQ=="],

    "bun-types": ["bun-types@1.3.14", "", { "dependencies": { "@types/node": "*" } }, "sha512-4N0ig0fEomHt5R0KCFWjovxow98rIoRwKolrYdCcknNwMekCXRnWEUvgu5soYV8QXtVsrUD8B95MBOZGPvr6KQ=="],

    "cookie": ["cookie@1.1.1", "", {}, "sha512-ei8Aos7ja0weRpFzJnEA9UHJ/7XQmqglbRwnf2ATjcB9Wq874VKH9kfjjirM6UhU2/E5fFYadylyhFldcqSidQ=="],

    "css.escape": ["css.escape@1.5.1", "", {}, "sha512-YUifsXXuknHlUsmlgyY0PKzgPOr7/FjCePfHNt0jxm83wHZi44VDMQ7/fGNkjY3/jV1MC+1CmZbaHzugyeRtpg=="],

    "csstype": ["csstype@3.2.3", "", {}, "sha512-z1HGKcYy2xA8AGQfwrn0PAy+PB7X/GSj3UVJW9qKyn43xWa+gl5nXmU4qqLMRzWVLFC8KusUX8T/0kCiOYpAIQ=="],

    "dequal": ["dequal@2.0.3", "", {}, "sha512-0je+qPKHEMohvfRTCEo3CrPG6cAzAYgmzKyxRiYSSDkS6eGJdyVJm7WaYA5ECaAD9wLB2T4EEeymA5aFVcYXCA=="],

    "dom-accessibility-api": ["dom-accessibility-api@0.6.3", "", {}, "sha512-7ZgogeTnjuHbo+ct10G9Ffp0mif17idi0IyWNVA/wcwcm7NPOD/WEHVP3n7n3MhXqxoIYm8d6MuZohYWIZ4T3w=="],

    "entities": ["entities@7.0.1", "", {}, "sha512-TWrgLOFUQTH994YUyl1yT4uyavY5nNB5muff+RtWaqNVCAK408b5ZnnbNAUEWLTCpum9w6arT70i1XdQ4UeOPA=="],

    "happy-dom": ["happy-dom@20.10.6", "", { "dependencies": { "@types/node": ">=20.0.0", "@types/whatwg-mimetype": "^3.0.2", "@types/ws": "^8.18.1", "buffer-image-size": "^0.6.4", "entities": "^7.0.1", "whatwg-mimetype": "^3.0.0", "ws": "^8.21.0" } }, "sha512-6QD0ilzDDt93tX44y8tbmZdAcdTRYDhUP+Asgi6pC8Pp5IA3cvaZGyoVN/EGtlq9ziT65iPuBBn3ASLr6hCgVw=="],

    "indent-string": ["indent-string@4.0.0", "", {}, "sha512-EdDDZu4A2OyIK7Lr/2zG+w5jmbuk1DVBnEwREQvBzspBJkCEbRa8GxU1lghYcaGJCnRWibjDXlq779X1/y5xwg=="],

    "js-tokens": ["js-tokens@4.0.0", "", {}, "sha512-RdJUflcE3cUzKiMqQgsCu06FPu9UdIJO0beYbPhHN4k6apgJtifcoCtT9bcxOpYBtpD2kCM6Sbzg4CausW/PKQ=="],

    "lz-string": ["lz-string@1.5.0", "", { "bin": { "lz-string": "bin/bin.js" } }, "sha512-h5bgJWpxJNswbU7qCrV0tIKQCaS3blPDrqKWx+QxzuzL1zGUzij9XCWLrSLsJPu5t+eWA/ycetzYAO5IOMcWAQ=="],

    "min-indent": ["min-indent@1.0.1", "", {}, "sha512-I9jwMn07Sy/IwOj3zVkVik2JTvgpaykDZEigL6Rx6N9LbMywwUSMtxET+7lVoDLLd3O3IXwJwvuuns8UB/HeAg=="],

    "perfect-freehand": ["perfect-freehand@1.2.3", "", {}, "sha512-bHZSfqDHGNlPpgH2yxXgPHlQSPpEbo+qg7li0M78J9vNAi2yjwLeA4x79BEQhX44lEWpCLSFCeRZwpw0niiXPA=="],

    "picocolors": ["picocolors@1.1.1", "", {}, "sha512-xceH2snhtb5M9liqDsmEw56le376mTZkEX/jEb/RxNFyegNul7eNslCXP9FDj/Lcu0X8KEyMceP2ntpaHrDEVA=="],

    "pretty-format": ["pretty-format@27.5.1", "", { "dependencies": { "ansi-regex": "^5.0.1", "ansi-styles": "^5.0.0", "react-is": "^17.0.1" } }, "sha512-Qb1gy5OrP5+zDf2Bvnzdl3jsTf1qXVMazbvCoKhtKqVs4/YK4ozX4gKQJJVyNe+cajNPn0KoC0MC3FUmaHWEmQ=="],

    "proxy-compare": ["proxy-compare@3.0.1", "", {}, "sha512-V9plBAt3qjMlS1+nC8771KNf6oJ12gExvaxnNzN/9yVRLdTv/lc+oJlnSzrdYDAvBfTStPCoiaCOTmTs0adv7Q=="],

    "proxy-memoize": ["proxy-memoize@3.0.1", "", { "dependencies": { "proxy-compare": "^3.0.0" } }, "sha512-VDdG/VYtOgdGkWJx7y0o7p+zArSf2383Isci8C+BP3YXgMYDoPd3cCBjw0JdWb6YBb9sFiOPbAADDVTPJnh+9g=="],

    "react": ["react@19.2.7", "", {}, "sha512-HNe9WslTbXmFK8o8cmwgAeJFSBvt1bPdHCVKtaaV+WlAN36mpT4hcRpwbf3fY56ar2oIXzsBpOAiIRHAdY0OlQ=="],

    "react-dom": ["react-dom@19.2.7", "", { "dependencies": { "scheduler": "^0.27.0" }, "peerDependencies": { "react": "^19.2.7" } }, "sha512-t0BRVXvbiE/o20Hfw669rLbMCDWtYZLvmJigy2f0MxsXF+71pxhR3xOkspmsO8h3ZlNzyibAmtCa3l4lYKk6gQ=="],

    "react-is": ["react-is@17.0.2", "", {}, "sha512-w2GsyukL62IJnlaff/nRegPQR94C/XXamvMWmSHRJ4y7Ts/4ocGRmTHvOs8PSE6pB3dWOrD/nueuU5sduBsQ4w=="],

    "react-router": ["react-router@7.18.1", "", { "dependencies": { "cookie": "^1.0.1", "set-cookie-parser": "^2.6.0" }, "peerDependencies": { "react": ">=18", "react-dom": ">=18" }, "optionalPeers": ["react-dom"] }, "sha512-GDLgg3i3uM0aeJO3Fm+TCS+sDQ7gu12T6x0qdTEzcwqEfleci7JwugVNIF3U//0FWKnJT7ptG+20B2jfDqnZAg=="],

    "redent": ["redent@3.0.0", "", { "dependencies": { "indent-string": "^4.0.0", "strip-indent": "^3.0.0" } }, "sha512-6tDA8g98We0zd0GvVeMT9arEOnTw9qM03L9cJXaCjrip1OO764RDBLBfrB4cwzNGDj5OA5ioymC9GkizgWJDUg=="],

    "scheduler": ["scheduler@0.27.0", "", {}, "sha512-eNv+WrVbKu1f3vbYJT/xtiF5syA5HPIMtf9IgY/nKg0sWqzAUEvqY/xm7OcZc/qafLx/iO9FgOmeSAp4v5ti/Q=="],

    "set-cookie-parser": ["set-cookie-parser@2.7.2", "", {}, "sha512-oeM1lpU/UvhTxw+g3cIfxXHyJRc/uidd3yK1P242gzHds0udQBYzs3y8j4gCCW+ZJ7ad0yctld8RYO+bdurlvw=="],

    "strip-indent": ["strip-indent@3.0.0", "", { "dependencies": { "min-indent": "^1.0.0" } }, "sha512-laJTa3Jb+VQpaC6DseHhF7dXVqHTfJPCRDaEbid/drOhgitgYku/letMUqOXFoWV0zIIUbjpdH2t+tYj4bQMRQ=="],

    "tslib": ["tslib@2.8.1", "", {}, "sha512-oJFu94HQb+KVduSUQL7wnpmqnfmLsOA/nAh6b6EH0wCEoK0/mPeXU6c3wKDV83MkOuHPRHtSXKKU99IBazS/2w=="],

    "typescript": ["typescript@5.9.3", "", { "bin": { "tsc": "bin/tsc", "tsserver": "bin/tsserver" } }, "sha512-jl1vZzPDinLr9eUt3J/t7V6FgNEw9QjvBPdysz9KfQDD41fQrC2Y4vKQdiaUpFT4bXlb1RHhLpp8wtm6M5TgSw=="],

    "undici-types": ["undici-types@8.3.0", "", {}, "sha512-j375ScV60dom+YkPFIfTLcOiPxkN/buHz5GobjLhixFuANaNs3C9l4GmrWqejgXWJ7BbJcFYpTEUkS1Ge8bpZQ=="],

    "uqr": ["uqr@0.1.3", "", {}, "sha512-0rjE8iEJe4YmT9TOhwsZtqCMRLc5DXZUI2UEYUUg63ikBkqqE5EYWaI0etFe/5KUcmcYwLih2RND1kq+hrUJXA=="],

    "whatwg-mimetype": ["whatwg-mimetype@3.0.0", "", {}, "sha512-nt+N2dzIutVRxARx1nghPKGv1xHikU7HKdfafKkLNLindmPU/ch3U31NOCGGA/dmPcmb1VlofO0vnKAcsm0o/Q=="],

    "ws": ["ws@8.21.1", "", { "peerDependencies": { "bufferutil": "^4.0.1", "utf-8-validate": ">=5.0.2" }, "optionalPeers": ["bufferutil", "utf-8-validate"] }, "sha512-+0NTnW77fFN/DjQi6k/Sq/Yvk4Sgajw7urW8V+asjXnRgDs9gyGkdb7EzgfhA4goXsRIZKE28fzIXBHEzhuiWw=="],

    "@testing-library/dom/aria-query": ["aria-query@5.3.0", "", { "dependencies": { "dequal": "^2.0.3" } }, "sha512-b0P0sZPKtyu8HkeRAfCq0IfURZK+SuwMjY1UXGBU27wpAiTwQAIlq56IbIO+ytk/JjS1fMR14ee5WBBfKi5J6A=="],

    "@testing-library/dom/dom-accessibility-api": ["dom-accessibility-api@0.5.16", "", {}, "sha512-X7BJ2yElsnOJ30pZF4uIIDfBEVgF4XEBxL9Bxhy6dnrm5hkzqmsWHGTiHqRiITNhMyFLyAiWndIJP7Z1NTteDg=="],
  }
}
